
Microsoft Visual Studio Solution File, Format Version 12.00
# Visual Studio Version 17
VisualStudioVersion = 17.5.002.0
MinimumVisualStudioVersion = 10.0.40219.1
Project("{9A19103F-16F7-4668-BE54-9A1E7A4F7556}") = "api", "api\api.csproj", "{51FFAAC8-0B74-4DBB-97E6-063465D458A2}"
EndProject
Global
	GlobalSection(SolutionConfigurationPlatforms) = preSolution
		Debug|Any CPU = Debug|Any CPU
		Release|Any CPU = Release|Any CPU
	EndGlobalSection
	GlobalSection(ProjectConfigurationPlatforms) = postSolution
		{51FFAAC8-0B74-4DBB-97E6-063465D458A2}.Debug|Any CPU.ActiveCfg = Debug|Any CPU
		{51FFAAC8-0B74-4DBB-97E6-063465D458A2}.Debug|Any CPU.Build.0 = Debug|Any CPU
		{51FFAAC8-0B74-4DBB-97E6-063465D458A2}.Release|Any CPU.ActiveCfg = Release|Any CPU
		{51FFAAC8-0B74-4DBB-97E6-063465D458A2}.Release|Any CPU.Build.0 = Release|Any CPU
	EndGlobalSection
	GlobalSection(SolutionProperties) = preSolution
		HideSolutionNode = FALSE
	EndGlobalSection
	GlobalSection(ExtensibilityGlobals) = postSolution
		SolutionGuid = {1643C896-49F6-4996-9E18-E0ADFA2E5D33}
	EndGlobalSection
EndGlobal
